{
  "name": "nodejs-example-function",
  "version": "1.0.0",
  "lockfileVersion": 3,
  "requires": true,
  "packages": {
    "": {
      "name": "nodejs-example-function",
      "version": "1.0.0",
      "license": "ISC",
      "dependencies": {
        "memphis-functions": "latest"
      }
    },
    "node_modules/memphis-functions": {
      "version": "1.0.3",
      "resolved": "https://registry.npmjs.org/memphis-functions/-/memphis-functions-1.0.3.tgz",
      "integrity": "sha512-71rWUMNkOdgD4zm54/zdfHElCMSYYfTWxm7rWb3ulUsDtXeGbXfQ+QJKLKNJ9DlWmiUkUfA1WRQnrn1SM1/JfA=="
    }
  }
}
